// !$*UTF8*$!
{
	archiveVersion = 1;
	classes = {
	};
	objectVersion = 77;
	objects = {

/* Begin PBXBuildFile section */
		2380BB620FC6B3D80BEF0C1B /* Pods_FitnessAIUITests.framework in Frameworks */ = {isa = PBXBuildFile; fileRef = 5840B9F75766285A453DB537 /* Pods_FitnessAIUITests.framework */; };
		625F77F246BAC27007D43EF1 /* Pods_FitnessAI.framework in Frameworks */ = {isa = PBXBuildFile; fileRef = 9D4D9B0C6C0B222E878750A9 /* Pods_FitnessAI.framework */; };
		7BB26EE603CD2558A20643A3 /* Pods_FitnessAITests.framework in Frameworks */ = {isa = PBXBuildFile; fileRef = 7525D3B105A8AA1978FA5CD5 /* Pods_FitnessAITests.framework */; };
/* End PBXBuildFile section */

/* Begin PBXContainerItemProxy section */
		B00069112DD828BE006DA0EE /* PBXContainerItemProxy */ = {
			isa = PBXContainerItemProxy;
			containerPortal = B00068FB2DD828BD006DA0EE /* Project object */;
			proxyType = 1;
			remoteGlobalIDString = B00069022DD828BD006DA0EE;
			remoteInfo = FitnessAI;
		};
		B000691B2DD828BE006DA0EE /* PBXContainerItemProxy */ = {
			isa = PBXContainerItemProxy;
			containerPortal = B00068FB2DD828BD006DA0EE /* Project object */;
			proxyType = 1;
			remoteGlobalIDString = B00069022DD828BD006DA0EE;
			remoteInfo = FitnessAI;
		};
/* End PBXContainerItemProxy section */

/* Begin PBXFileReference section */
		1841260CF469E15D48C1CA68 /* Pods-FitnessAITests.release.xcconfig */ = {isa = PBXFileReference; includeInIndex = 1; lastKnownFileType = text.xcconfig; name = "Pods-FitnessAITests.release.xcconfig"; path = "Target Support Files/Pods-FitnessAITests/Pods-FitnessAITests.release.xcconfig"; sourceTree = "<group>"; };
		1C1C9861123B95F0636C8640 /* Pods-FitnessAIUITests.debug.xcconfig */ = {isa = PBXFileReference; includeInIndex = 1; lastKnownFileType = text.xcconfig; name = "Pods-FitnessAIUITests.debug.xcconfig"; path = "Target Support Files/Pods-FitnessAIUITests/Pods-FitnessAIUITests.debug.xcconfig"; sourceTree = "<group>"; };
		451A1210B24B771C26B16619 /* Pods-FitnessAIUITests.release.xcconfig */ = {isa = PBXFileReference; includeInIndex = 1; lastKnownFileType = text.xcconfig; name = "Pods-FitnessAIUITests.release.xcconfig"; path = "Target Support Files/Pods-FitnessAIUITests/Pods-FitnessAIUITests.release.xcconfig"; sourceTree = "<group>"; };
		5840B9F75766285A453DB537 /* Pods_FitnessAIUITests.framework */ = {isa = PBXFileReference; explicitFileType = wrapper.framework; includeInIndex = 0; path = Pods_FitnessAIUITests.framework; sourceTree = BUILT_PRODUCTS_DIR; };
		5FD20D1F35DFE848F0A2199A /* Pods-FitnessAITests.debug.xcconfig */ = {isa = PBXFileReference; includeInIndex = 1; lastKnownFileType = text.xcconfig; name = "Pods-FitnessAITests.debug.xcconfig"; path = "Target Support Files/Pods-FitnessAITests/Pods-FitnessAITests.debug.xcconfig"; sourceTree = "<group>"; };
		65F372DE1CDB505D6833AC66 /* Pods-FitnessAI.debug.xcconfig */ = {isa = PBXFileReference; includeInIndex = 1; lastKnownFileType = text.xcconfig; name = "Pods-FitnessAI.debug.xcconfig"; path = "Target Support Files/Pods-FitnessAI/Pods-FitnessAI.debug.xcconfig"; sourceTree = "<group>"; };
		7525D3B105A8AA1978FA5CD5 /* Pods_FitnessAITests.framework */ = {isa = PBXFileReference; explicitFileType = wrapper.framework; includeInIndex = 0; path = Pods_FitnessAITests.framework; sourceTree = BUILT_PRODUCTS_DIR; };
		9D4D9B0C6C0B222E878750A9 /* Pods_FitnessAI.framework */ = {isa = PBXFileReference; explicitFileType = wrapper.framework; includeInIndex = 0; path = Pods_FitnessAI.framework; sourceTree = BUILT_PRODUCTS_DIR; };
		A037A6042C639CD88646C51F /* Pods-FitnessAI.release.xcconfig */ = {isa = PBXFileReference; includeInIndex = 1; lastKnownFileType = text.xcconfig; name = "Pods-FitnessAI.release.xcconfig"; path = "Target Support Files/Pods-FitnessAI/Pods-FitnessAI.release.xcconfig"; sourceTree = "<group>"; };
		B00069032DD828BD006DA0EE /* FitnessAI.app */ = {isa = PBXFileReference; explicitFileType = wrapper.application; includeInIndex = 0; path = FitnessAI.app; sourceTree = BUILT_PRODUCTS_DIR; };
		B00069102DD828BE006DA0EE /* FitnessAITests.xctest */ = {isa = PBXFileReference; explicitFileType = wrapper.cfbundle; includeInIndex = 0; path = FitnessAITests.xctest; sourceTree = BUILT_PRODUCTS_DIR; };
		B000691A2DD828BE006DA0EE /* FitnessAIUITests.xctest */ = {isa = PBXFileReference; explicitFileType = wrapper.cfbundle; includeInIndex = 0; path = FitnessAIUITests.xctest; sourceTree = BUILT_PRODUCTS_DIR; };
/* End PBXFileReference section */

/* Begin PBXFileSystemSynchronizedRootGroup section */
		B00069052DD828BD006DA0EE /* FitnessAI */ = {
			isa = PBXFileSystemSynchronizedRootGroup;
			path = FitnessAI;
			sourceTree = "<group>";
		};
		B00069132DD828BE006DA0EE /* FitnessAITests */ = {
			isa = PBXFileSystemSynchronizedRootGroup;
			path = FitnessAITests;
			sourceTree = "<group>";
		};
		B000691D2DD828BE006DA0EE /* FitnessAIUITests */ = {
			isa = PBXFileSystemSynchronizedRootGroup;
			path = FitnessAIUITests;
			sourceTree = "<group>";
		};
/* End PBXFileSystemSynchronizedRootGroup section */

/* Begin PBXFrameworksBuildPhase section */
		B00069002DD828BD006DA0EE /* Frameworks */ = {
			isa = PBXFrameworksBuildPhase;
			buildActionMask = 2147483647;
			files = (
				625F77F246BAC27007D43EF1 /* Pods_FitnessAI.framework in Frameworks */,
			);
			runOnlyForDeploymentPostprocessing = 0;
		};
		B000690D2DD828BE006DA0EE /* Frameworks */ = {
			isa = PBXFrameworksBuildPhase;
			buildActionMask = 2147483647;
			files = (
				7BB26EE603CD2558A20643A3 /* Pods_FitnessAITests.framework in Frameworks */,
			);
			runOnlyForDeploymentPostprocessing = 0;
		};
		B00069172DD828BE006DA0EE /* Frameworks */ = {
			isa = PBXFrameworksBuildPhase;
			buildActionMask = 2147483647;
			files = (
				2380BB620FC6B3D80BEF0C1B /* Pods_FitnessAIUITests.framework in Frameworks */,
			);
			runOnlyForDeploymentPostprocessing = 0;
		};
/* End PBXFrameworksBuildPhase section */

/* Begin PBXGroup section */
		40733199A796B3F4D15E6590 /* Pods */ = {
			isa = PBXGroup;
			children = (
				65F372DE1CDB505D6833AC66 /* Pods-FitnessAI.debug.xcconfig */,
				A037A6042C639CD88646C51F /* Pods-FitnessAI.release.xcconfig */,
				5FD20D1F35DFE848F0A2199A /* Pods-FitnessAITests.debug.xcconfig */,
				1841260CF469E15D48C1CA68 /* Pods-FitnessAITests.release.xcconfig */,
				1C1C9861123B95F0636C8640 /* Pods-FitnessAIUITests.debug.xcconfig */,
				451A1210B24B771C26B16619 /* Pods-FitnessAIUITests.release.xcconfig */,
			);
			path = Pods;
			sourceTree = "<group>";
		};
		B00068FA2DD828BD006DA0EE = {
			isa = PBXGroup;
			children = (
				B00069052DD828BD006DA0EE /* FitnessAI */,
				B00069132DD828BE006DA0EE /* FitnessAITests */,
				B000691D2DD828BE006DA0EE /* FitnessAIUITests */,
				B00069042DD828BD006DA0EE /* Products */,
				40733199A796B3F4D15E6590 /* Pods */,
				BF92F1C13B6670C4C505A515 /* Frameworks */,
			);
			sourceTree = "<group>";
		};
		B00069042DD828BD006DA0EE /* Products */ = {
			isa = PBXGroup;
			children = (
				B00069032DD828BD006DA0EE /* FitnessAI.app */,
				B00069102DD828BE006DA0EE /* FitnessAITests.xctest */,
				B000691A2DD828BE006DA0EE /* FitnessAIUITests.xctest */,
			);
			name = Products;
			sourceTree = "<group>";
		};
		BF92F1C13B6670C4C505A515 /* Frameworks */ = {
			isa = PBXGroup;
			children = (
				9D4D9B0C6C0B222E878750A9 /* Pods_FitnessAI.framework */,
				7525D3B105A8AA1978FA5CD5 /* Pods_FitnessAITests.framework */,
				5840B9F75766285A453DB537 /* Pods_FitnessAIUITests.framework */,
			);
			name = Frameworks;
			sourceTree = "<group>";
		};
/* End PBXGroup section */

/* Begin PBXNativeTarget section */
		B00069022DD828BD006DA0EE /* FitnessAI */ = {
			isa = PBXNativeTarget;
			buildConfigurationList = B00069242DD828BE006DA0EE /* Build configuration list for PBXNativeTarget "FitnessAI" */;
			buildPhases = (
				79B604E5BB618D73DD7EF76D /* [CP] Check Pods Manifest.lock */,
				B00068FF2DD828BD006DA0EE /* Sources */,
				B00069002DD828BD006DA0EE /* Frameworks */,
				B00069012DD828BD006DA0EE /* Resources */,
				AC56BC2CDDA4348EB261B5D4 /* [CP] Embed Pods Frameworks */,
			);
			buildRules = (
			);
			dependencies = (
			);
			fileSystemSynchronizedGroups = (
				B00069052DD828BD006DA0EE /* FitnessAI */,
			);
			name = FitnessAI;
			productName = FitnessAI;
			productReference = B00069032DD828BD006DA0EE /* FitnessAI.app */;
			productType = "com.apple.product-type.application";
		};
		B000690F2DD828BE006DA0EE /* FitnessAITests */ = {
			isa = PBXNativeTarget;
			buildConfigurationList = B00069272DD828BE006DA0EE /* Build configuration list for PBXNativeTarget "FitnessAITests" */;
			buildPhases = (
				A0C962DDB80E3CFED8AD6E73 /* [CP] Check Pods Manifest.lock */,
				B000690C2DD828BE006DA0EE /* Sources */,
				B000690D2DD828BE006DA0EE /* Frameworks */,
				B000690E2DD828BE006DA0EE /* Resources */,
			);
			buildRules = (
			);
			dependencies = (
				B00069122DD828BE006DA0EE /* PBXTargetDependency */,
			);
			fileSystemSynchronizedGroups = (
				B00069132DD828BE006DA0EE /* FitnessAITests */,
			);
			name = FitnessAITests;
			productName = FitnessAITests;
			productReference = B00069102DD828BE006DA0EE /* FitnessAITests.xctest */;
			productType = "com.apple.product-type.bundle.unit-test";
		};
		B00069192DD828BE006DA0EE /* FitnessAIUITests */ = {
			isa = PBXNativeTarget;
			buildConfigurationList = B000692A2DD828BE006DA0EE /* Build configuration list for PBXNativeTarget "FitnessAIUITests" */;
			buildPhases = (
				3507ADD4CD7C99D3CDDA58A5 /* [CP] Check Pods Manifest.lock */,
				B00069162DD828BE006DA0EE /* Sources */,
				B00069172DD828BE006DA0EE /* Frameworks */,
				B00069182DD828BE006DA0EE /* Resources */,
			);
			buildRules = (
			);
			dependencies = (
				B000691C2DD828BE006DA0EE /* PBXTargetDependency */,
			);
			fileSystemSynchronizedGroups = (
				B000691D2DD828BE006DA0EE /* FitnessAIUITests */,
			);
			name = FitnessAIUITests;
			productName = FitnessAIUITests;
			productReference = B000691A2DD828BE006DA0EE /* FitnessAIUITests.xctest */;
			productType = "com.apple.product-type.bundle.ui-testing";
		};
/* End PBXNativeTarget section */

/* Begin PBXProject section */
		B00068FB2DD828BD006DA0EE /* Project object */ = {
			isa = PBXProject;
			attributes = {
				BuildIndependentTargetsInParallel = 1;
				LastSwiftUpdateCheck = 1630;
				LastUpgradeCheck = 1630;
				TargetAttributes = {
					B00069022DD828BD006DA0EE = {
						CreatedOnToolsVersion = 16.3;
					};
					B000690F2DD828BE006DA0EE = {
						CreatedOnToolsVersion = 16.3;
						TestTargetID = B00069022DD828BD006DA0EE;
					};
					B00069192DD828BE006DA0EE = {
						CreatedOnToolsVersion = 16.3;
						TestTargetID = B00069022DD828BD006DA0EE;
					};
				};
			};
			buildConfigurationList = B00068FE2DD828BD006DA0EE /* Build configuration list for PBXProject "FitnessAI" */;
			developmentRegion = en;
			hasScannedForEncodings = 0;
			knownRegions = (
				en,
				Base,
			);
			mainGroup = B00068FA2DD828BD006DA0EE;
			minimizedProjectReferenceProxies = 1;
			preferredProjectObjectVersion = 77;
			productRefGroup = B00069042DD828BD006DA0EE /* Products */;
			projectDirPath = "";
			projectRoot = "";
			targets = (
				B00069022DD828BD006DA0EE /* FitnessAI */,
				B000690F2DD828BE006DA0EE /* FitnessAITests */,
				B00069192DD828BE006DA0EE /* FitnessAIUITests */,
			);
		};
/* End PBXProject section */

/* Begin PBXResourcesBuildPhase section */
		B00069012DD828BD006DA0EE /* Resources */ = {
			isa = PBXResourcesBuildPhase;
			buildActionMask = 2147483647;
			files = (
			);
			runOnlyForDeploymentPostprocessing = 0;
		};
		B000690E2DD828BE006DA0EE /* Resources */ = {
			isa = PBXResourcesBuildPhase;
			buildActionMask = 2147483647;
			files = (
			);
			runOnlyForDeploymentPostprocessing = 0;
		};
		B00069182DD828BE006DA0EE /* Resources */ = {
			isa = PBXResourcesBuildPhase;
			buildActionMask = 2147483647;
			files = (
			);
			runOnlyForDeploymentPostprocessing = 0;
		};
/* End PBXResourcesBuildPhase section */

/* Begin PBXShellScriptBuildPhase section */
		3507ADD4CD7C99D3CDDA58A5 /* [CP] Check Pods Manifest.lock */ = {
			isa = PBXShellScriptBuildPhase;
			buildActionMask = 2147483647;
			files = (
			);
			inputFileListPaths = (
			);
			inputPaths = (
				"${PODS_PODFILE_DIR_PATH}/Podfile.lock",
				"${PODS_ROOT}/Manifest.lock",
			);
			name = "[CP] Check Pods Manifest.lock";
			outputFileListPaths = (
			);
			outputPaths = (
				"$(DERIVED_FILE_DIR)/Pods-FitnessAIUITests-checkManifestLockResult.txt",
			);
			runOnlyForDeploymentPostprocessing = 0;
			shellPath = /bin/sh;
			shellScript = "diff \"${PODS_PODFILE_DIR_PATH}/Podfile.lock\" \"${PODS_ROOT}/Manifest.lock\" > /dev/null\nif [ $? != 0 ] ; then\n    # print error to STDERR\n    echo \"error: The sandbox is not in sync with the Podfile.lock. Run 'pod install' or update your CocoaPods installation.\" >&2\n    exit 1\nfi\n# This output is used by Xcode 'outputs' to avoid re-running this script phase.\necho \"SUCCESS\" > \"${SCRIPT_OUTPUT_FILE_0}\"\n";
			showEnvVarsInLog = 0;
		};
		79B604E5BB618D73DD7EF76D /* [CP] Check Pods Manifest.lock */ = {
			isa = PBXShellScriptBuildPhase;
			buildActionMask = 2147483647;
			files = (
			);
			inputFileListPaths = (
			);
			inputPaths = (
				"${PODS_PODFILE_DIR_PATH}/Podfile.lock",
				"${PODS_ROOT}/Manifest.lock",
			);
			name = "[CP] Check Pods Manifest.lock";
			outputFileListPaths = (
			);
			outputPaths = (
				"$(DERIVED_FILE_DIR)/Pods-FitnessAI-checkManifestLockResult.txt",
			);
			runOnlyForDeploymentPostprocessing = 0;
			shellPath = /bin/sh;
			shellScript = "diff \"${PODS_PODFILE_DIR_PATH}/Podfile.lock\" \"${PODS_ROOT}/Manifest.lock\" > /dev/null\nif [ $? != 0 ] ; then\n    # print error to STDERR\n    echo \"error: The sandbox is not in sync with the Podfile.lock. Run 'pod install' or update your CocoaPods installation.\" >&2\n    exit 1\nfi\n# This output is used by Xcode 'outputs' to avoid re-running this script phase.\necho \"SUCCESS\" > \"${SCRIPT_OUTPUT_FILE_0}\"\n";
			showEnvVarsInLog = 0;
		};
		A0C962DDB80E3CFED8AD6E73 /* [CP] Check Pods Manifest.lock */ = {
			isa = PBXShellScriptBuildPhase;
			buildActionMask = 2147483647;
			files = (
			);
			inputFileListPaths = (
			);
			inputPaths = (
				"${PODS_PODFILE_DIR_PATH}/Podfile.lock",
				"${PODS_ROOT}/Manifest.lock",
			);
			name = "[CP] Check Pods Manifest.lock";
			outputFileListPaths = (
			);
			outputPaths = (
				"$(DERIVED_FILE_DIR)/Pods-FitnessAITests-checkManifestLockResult.txt",
			);
			runOnlyForDeploymentPostprocessing = 0;
			shellPath = /bin/sh;
			shellScript = "diff \"${PODS_PODFILE_DIR_PATH}/Podfile.lock\" \"${PODS_ROOT}/Manifest.lock\" > /dev/null\nif [ $? != 0 ] ; then\n    # print error to STDERR\n    echo \"error: The sandbox is not in sync with the Podfile.lock. Run 'pod install' or update your CocoaPods installation.\" >&2\n    exit 1\nfi\n# This output is used by Xcode 'outputs' to avoid re-running this script phase.\necho \"SUCCESS\" > \"${SCRIPT_OUTPUT_FILE_0}\"\n";
			showEnvVarsInLog = 0;
		};
		AC56BC2CDDA4348EB261B5D4 /* [CP] Embed Pods Frameworks */ = {
			isa = PBXShellScriptBuildPhase;
			buildActionMask = 2147483647;
			files = (
			);
			inputFileListPaths = (
				"${PODS_ROOT}/Target Support Files/Pods-FitnessAI/Pods-FitnessAI-frameworks-${CONFIGURATION}-input-files.xcfilelist",
			);
			inputPaths = (
			);
			name = "[CP] Embed Pods Frameworks";
			outputFileListPaths = (
				"${PODS_ROOT}/Target Support Files/Pods-FitnessAI/Pods-FitnessAI-frameworks-${CONFIGURATION}-output-files.xcfilelist",
			);
			outputPaths = (
			);
			runOnlyForDeploymentPostprocessing = 0;
			shellPath = /bin/sh;
			shellScript = "\"${PODS_ROOT}/Target Support Files/Pods-FitnessAI/Pods-FitnessAI-frameworks.sh\"\n";
			showEnvVarsInLog = 0;
		};
/* End PBXShellScriptBuildPhase section */

/* Begin PBXSourcesBuildPhase section */
		B00068FF2DD828BD006DA0EE /* Sources */ = {
			isa = PBXSourcesBuildPhase;
			buildActionMask = 2147483647;
			files = (
			);
			runOnlyForDeploymentPostprocessing = 0;
		};
		B000690C2DD828BE006DA0EE /* Sources */ = {
			isa = PBXSourcesBuildPhase;
			buildActionMask = 2147483647;
			files = (
			);
			runOnlyForDeploymentPostprocessing = 0;
		};
		B00069162DD828BE006DA0EE /* Sources */ = {
			isa = PBXSourcesBuildPhase;
			buildActionMask = 2147483647;
			files = (
			);
			runOnlyForDeploymentPostprocessing = 0;
		};
/* End PBXSourcesBuildPhase section */

/* Begin PBXTargetDependency section */
		B00069122DD828BE006DA0EE /* PBXTargetDependency */ = {
			isa = PBXTargetDependency;
			target = B00069022DD828BD006DA0EE /* FitnessAI */;
			targetProxy = B00069112DD828BE006DA0EE /* PBXContainerItemProxy */;
		};
		B000691C2DD828BE006DA0EE /* PBXTargetDependency */ = {
			isa = PBXTargetDependency;
			target = B00069022DD828BD006DA0EE /* FitnessAI */;
			targetProxy = B000691B2DD828BE006DA0EE /* PBXContainerItemProxy */;
		};
/* End PBXTargetDependency section */

/* Begin XCBuildConfiguration section */
		B00069222DD828BE006DA0EE /* Debug */ = {
			isa = XCBuildConfiguration;
			buildSettings = {
				ALWAYS_SEARCH_USER_PATHS = NO;
				ASSETCATALOG_COMPILER_GENERATE_SWIFT_ASSET_SYMBOL_EXTENSIONS = YES;
				CLANG_ANALYZER_NONNULL = YES;
				CLANG_ANALYZER_NUMBER_OBJECT_CONVERSION = YES_AGGRESSIVE;
				CLANG_CXX_LANGUAGE_STANDARD = "gnu++20";
				CLANG_ENABLE_MODULES = YES;
				CLANG_ENABLE_OBJC_ARC = YES;
				CLANG_ENABLE_OBJC_WEAK = YES;
				CLANG_WARN_BLOCK_CAPTURE_AUTORELEASING = YES;
				CLANG_WARN_BOOL_CONVERSION = YES;
				CLANG_WARN_COMMA = YES;
				CLANG_WARN_CONSTANT_CONVERSION = YES;
				CLANG_WARN_DEPRECATED_OBJC_IMPLEMENTATIONS = YES;
				CLANG_WARN_DIRECT_OBJC_ISA_USAGE = YES_ERROR;
				CLANG_WARN_DOCUMENTATION_COMMENTS = YES;
				CLANG_WARN_EMPTY_BODY = YES;
				CLANG_WARN_ENUM_CONVERSION = YES;
				CLANG_WARN_INFINITE_RECURSION = YES;
				CLANG_WARN_INT_CONVERSION = YES;
				CLANG_WARN_NON_LITERAL_NULL_CONVERSION = YES;
				CLANG_WARN_OBJC_IMPLICIT_RETAIN_SELF = YES;
				CLANG_WARN_OBJC_LITERAL_CONVERSION = YES;
				CLANG_WARN_OBJC_ROOT_CLASS = YES_ERROR;
				CLANG_WARN_QUOTED_INCLUDE_IN_FRAMEWORK_HEADER = YES;
				CLANG_WARN_RANGE_LOOP_ANALYSIS = YES;
				CLANG_WARN_STRICT_PROTOTYPES = YES;
				CLANG_WARN_SUSPICIOUS_MOVE = YES;
				CLANG_WARN_UNGUARDED_AVAILABILITY = YES_AGGRESSIVE;
				CLANG_WARN_UNREACHABLE_CODE = YES;
				CLANG_WARN__DUPLICATE_METHOD_MATCH = YES;
				COPY_PHASE_STRIP = NO;
				DEBUG_INFORMATION_FORMAT = dwarf;
				DEVELOPMENT_TEAM = Z82DGTC4WM;
				ENABLE_STRICT_OBJC_MSGSEND = YES;
				ENABLE_TESTABILITY = YES;
				ENABLE_USER_SCRIPT_SANDBOXING = NO;
				GCC_C_LANGUAGE_STANDARD = gnu17;
				GCC_DYNAMIC_NO_PIC = NO;
				GCC_NO_COMMON_BLOCKS = YES;
				GCC_OPTIMIZATION_LEVEL = 0;
				GCC_PREPROCESSOR_DEFINITIONS = (
					"DEBUG=1",
					"$(inherited)",
				);
				GCC_WARN_64_TO_32_BIT_CONVERSION = YES;
				GCC_WARN_ABOUT_RETURN_TYPE = YES_ERROR;
				GCC_WARN_UNDECLARED_SELECTOR = YES;
				GCC_WARN_UNINITIALIZED_AUTOS = YES_AGGRESSIVE;
				GCC_WARN_UNUSED_FUNCTION = YES;
				GCC_WARN_UNUSED_VARIABLE = YES;
				IPHONEOS_DEPLOYMENT_TARGET = 18.4;
				LOCALIZATION_PREFERS_STRING_CATALOGS = YES;
				MTL_ENABLE_DEBUG_INFO = INCLUDE_SOURCE;
				MTL_FAST_MATH = YES;
				ONLY_ACTIVE_ARCH = YES;
				SDKROOT = iphoneos;
				SWIFT_ACTIVE_COMPILATION_CONDITIONS = "DEBUG $(inherited)";
				SWIFT_OPTIMIZATION_LEVEL = "-Onone";
			};
			name = Debug;
		};
		B00069232DD828BE006DA0EE /* Release */ = {
			isa = XCBuildConfiguration;
			buildSettings = {
				ALWAYS_SEARCH_USER_PATHS = NO;
				ASSETCATALOG_COMPILER_GENERATE_SWIFT_ASSET_SYMBOL_EXTENSIONS = YES;
				CLANG_ANALYZER_NONNULL = YES;
				CLANG_ANALYZER_NUMBER_OBJECT_CONVERSION = YES_AGGRESSIVE;
				CLANG_CXX_LANGUAGE_STANDARD = "gnu++20";
				CLANG_ENABLE_MODULES = YES;
				CLANG_ENABLE_OBJC_ARC = YES;
				CLANG_ENABLE_OBJC_WEAK = YES;
				CLANG_WARN_BLOCK_CAPTURE_AUTORELEASING = YES;
				CLANG_WARN_BOOL_CONVERSION = YES;
				CLANG_WARN_COMMA = YES;
				CLANG_WARN_CONSTANT_CONVERSION = YES;
				CLANG_WARN_DEPRECATED_OBJC_IMPLEMENTATIONS = YES;
				CLANG_WARN_DIRECT_OBJC_ISA_USAGE = YES_ERROR;
				CLANG_WARN_DOCUMENTATION_COMMENTS = YES;
				CLANG_WARN_EMPTY_BODY = YES;
				CLANG_WARN_ENUM_CONVERSION = YES;
				CLANG_WARN_INFINITE_RECURSION = YES;
				CLANG_WARN_INT_CONVERSION = YES;
				CLANG_WARN_NON_LITERAL_NULL_CONVERSION = YES;
				CLANG_WARN_OBJC_IMPLICIT_RETAIN_SELF = YES;
				CLANG_WARN_OBJC_LITERAL_CONVERSION = YES;
				CLANG_WARN_OBJC_ROOT_CLASS = YES_ERROR;
				CLANG_WARN_QUOTED_INCLUDE_IN_FRAMEWORK_HEADER = YES;
				CLANG_WARN_RANGE_LOOP_ANALYSIS = YES;
				CLANG_WARN_STRICT_PROTOTYPES = YES;
				CLANG_WARN_SUSPICIOUS_MOVE = YES;
				CLANG_WARN_UNGUARDED_AVAILABILITY = YES_AGGRESSIVE;
				CLANG_WARN_UNREACHABLE_CODE = YES;
				CLANG_WARN__DUPLICATE_METHOD_MATCH = YES;
				COPY_PHASE_STRIP = NO;
				DEBUG_INFORMATION_FORMAT = "dwarf-with-dsym";
				DEVELOPMENT_TEAM = Z82DGTC4WM;
				ENABLE_NS_ASSERTIONS = NO;
				ENABLE_STRICT_OBJC_MSGSEND = YES;
				ENABLE_USER_SCRIPT_SANDBOXING = NO;
				GCC_C_LANGUAGE_STANDARD = gnu17;
				GCC_NO_COMMON_BLOCKS = YES;
				GCC_WARN_64_TO_32_BIT_CONVERSION = YES;
				GCC_WARN_ABOUT_RETURN_TYPE = YES_ERROR;
				GCC_WARN_UNDECLARED_SELECTOR = YES;
				GCC_WARN_UNINITIALIZED_AUTOS = YES_AGGRESSIVE;
				GCC_WARN_UNUSED_FUNCTION = YES;
				GCC_WARN_UNUSED_VARIABLE = YES;
				IPHONEOS_DEPLOYMENT_TARGET = 18.4;
				LOCALIZATION_PREFERS_STRING_CATALOGS = YES;
				MTL_ENABLE_DEBUG_INFO = NO;
				MTL_FAST_MATH = YES;
				SDKROOT = iphoneos;
				SWIFT_COMPILATION_MODE = wholemodule;
				VALIDATE_PRODUCT = YES;
			};
			name = Release;
		};
		B00069252DD828BE006DA0EE /* Debug */ = {
			isa = XCBuildConfiguration;
			baseConfigurationReference = 65F372DE1CDB505D6833AC66 /* Pods-FitnessAI.debug.xcconfig */;
			buildSettings = {
				ASSETCATALOG_COMPILER_APPICON_NAME = AppIcon;
				ASSETCATALOG_COMPILER_GLOBAL_ACCENT_COLOR_NAME = AccentColor;
				CODE_SIGN_STYLE = Automatic;
				CURRENT_PROJECT_VERSION = 1;
				DEVELOPMENT_TEAM = Z82DGTC4WM;
				ENABLE_PREVIEWS = YES;
				GENERATE_INFOPLIST_FILE = YES;
				INFOPLIST_KEY_UIApplicationSceneManifest_Generation = YES;
				INFOPLIST_KEY_UIApplicationSupportsIndirectInputEvents = YES;
				INFOPLIST_KEY_UILaunchScreen_Generation = YES;
				INFOPLIST_KEY_UISupportedInterfaceOrientations_iPad = "UIInterfaceOrientationPortrait UIInterfaceOrientationPortraitUpsideDown UIInterfaceOrientationLandscapeLeft UIInterfaceOrientationLandscapeRight";
				INFOPLIST_KEY_UISupportedInterfaceOrientations_iPhone = "UIInterfaceOrientationPortrait UIInterfaceOrientationLandscapeLeft UIInterfaceOrientationLandscapeRight";
				LD_RUNPATH_SEARCH_PATHS = (
					"$(inherited)",
					"@executable_path/Frameworks",
				);
				MARKETING_VERSION = 1.0;
				PRODUCT_BUNDLE_IDENTIFIER = com.teamairhart.FitnessAI;
				PRODUCT_NAME = "$(TARGET_NAME)";
				SWIFT_EMIT_LOC_STRINGS = YES;
				SWIFT_VERSION = 5.0;
				TARGETED_DEVICE_FAMILY = "1,2";
			};
			name = Debug;
		};
		B00069262DD828BE006DA0EE /* Release */ = {
			isa = XCBuildConfiguration;
			baseConfigurationReference = A037A6042C639CD88646C51F /* Pods-FitnessAI.release.xcconfig */;
			buildSettings = {
				ASSETCATALOG_COMPILER_APPICON_NAME = AppIcon;
				ASSETCATALOG_COMPILER_GLOBAL_ACCENT_COLOR_NAME = AccentColor;
				CODE_SIGN_STYLE = Automatic;
				CURRENT_PROJECT_VERSION = 1;
				DEVELOPMENT_TEAM = Z82DGTC4WM;
				ENABLE_PREVIEWS = YES;
				GENERATE_INFOPLIST_FILE = YES;
				INFOPLIST_KEY_UIApplicationSceneManifest_Generation = YES;
				INFOPLIST_KEY_UIApplicationSupportsIndirectInputEvents = YES;
				INFOPLIST_KEY_UILaunchScreen_Generation = YES;
				INFOPLIST_KEY_UISupportedInterfaceOrientations_iPad = "UIInterfaceOrientationPortrait UIInterfaceOrientationPortraitUpsideDown UIInterfaceOrientationLandscapeLeft UIInterfaceOrientationLandscapeRight";
				INFOPLIST_KEY_UISupportedInterfaceOrientations_iPhone = "UIInterfaceOrientationPortrait UIInterfaceOrientationLandscapeLeft UIInterfaceOrientationLandscapeRight";
				LD_RUNPATH_SEARCH_PATHS = (
					"$(inherited)",
					"@executable_path/Frameworks",
				);
				MARKETING_VERSION = 1.0;
				PRODUCT_BUNDLE_IDENTIFIER = com.teamairhart.FitnessAI;
				PRODUCT_NAME = "$(TARGET_NAME)";
				SWIFT_EMIT_LOC_STRINGS = YES;
				SWIFT_VERSION = 5.0;
				TARGETED_DEVICE_FAMILY = "1,2";
			};
			name = Release;
		};
		B00069282DD828BE006DA0EE /* Debug */ = {
			isa = XCBuildConfiguration;
			baseConfigurationReference = 5FD20D1F35DFE848F0A2199A /* Pods-FitnessAITests.debug.xcconfig */;
			buildSettings = {
				BUNDLE_LOADER = "$(TEST_HOST)";
				CODE_SIGN_STYLE = Automatic;
				CURRENT_PROJECT_VERSION = 1;
				DEVELOPMENT_TEAM = Z82DGTC4WM;
				GENERATE_INFOPLIST_FILE = YES;
				IPHONEOS_DEPLOYMENT_TARGET = 18.4;
				MARKETING_VERSION = 1.0;
				PRODUCT_BUNDLE_IDENTIFIER = com.teamairhart.FitnessAITests;
				PRODUCT_NAME = "$(TARGET_NAME)";
				SWIFT_EMIT_LOC_STRINGS = NO;
				SWIFT_VERSION = 5.0;
				TARGETED_DEVICE_FAMILY = "1,2";
				TEST_HOST = "$(BUILT_PRODUCTS_DIR)/FitnessAI.app/$(BUNDLE_EXECUTABLE_FOLDER_PATH)/FitnessAI";
			};
			name = Debug;
		};
		B00069292DD828BE006DA0EE /* Release */ = {
			isa = XCBuildConfiguration;
			baseConfigurationReference = 1841260CF469E15D48C1CA68 /* Pods-FitnessAITests.release.xcconfig */;
			buildSettings = {
				BUNDLE_LOADER = "$(TEST_HOST)";
				CODE_SIGN_STYLE = Automatic;
				CURRENT_PROJECT_VERSION = 1;
				DEVELOPMENT_TEAM = Z82DGTC4WM;
				GENERATE_INFOPLIST_FILE = YES;
				IPHONEOS_DEPLOYMENT_TARGET = 18.4;
				MARKETING_VERSION = 1.0;
				PRODUCT_BUNDLE_IDENTIFIER = com.teamairhart.FitnessAITests;
				PRODUCT_NAME = "$(TARGET_NAME)";
				SWIFT_EMIT_LOC_STRINGS = NO;
				SWIFT_VERSION = 5.0;
				TARGETED_DEVICE_FAMILY = "1,2";
				TEST_HOST = "$(BUILT_PRODUCTS_DIR)/FitnessAI.app/$(BUNDLE_EXECUTABLE_FOLDER_PATH)/FitnessAI";
			};
			name = Release;
		};
		B000692B2DD828BE006DA0EE /* Debug */ = {
			isa = XCBuildConfiguration;
			baseConfigurationReference = 1C1C9861123B95F0636C8640 /* Pods-FitnessAIUITests.debug.xcconfig */;
			buildSettings = {
				CODE_SIGN_STYLE = Automatic;
				CURRENT_PROJECT_VERSION = 1;
				DEVELOPMENT_TEAM = Z82DGTC4WM;
				GENERATE_INFOPLIST_FILE = YES;
				MARKETING_VERSION = 1.0;
				PRODUCT_BUNDLE_IDENTIFIER = com.teamairhart.FitnessAIUITests;
				PRODUCT_NAME = "$(TARGET_NAME)";
				SWIFT_EMIT_LOC_STRINGS = NO;
				SWIFT_VERSION = 5.0;
				TARGETED_DEVICE_FAMILY = "1,2";
				TEST_TARGET_NAME = FitnessAI;
			};
			name = Debug;
		};
		B000692C2DD828BE006DA0EE /* Release */ = {
			isa = XCBuildConfiguration;
			baseConfigurationReference = 451A1210B24B771C26B16619 /* Pods-FitnessAIUITests.release.xcconfig */;
			buildSettings = {
				CODE_SIGN_STYLE = Automatic;
				CURRENT_PROJECT_VERSION = 1;
				DEVELOPMENT_TEAM = Z82DGTC4WM;
				GENERATE_INFOPLIST_FILE = YES;
				MARKETING_VERSION = 1.0;
				PRODUCT_BUNDLE_IDENTIFIER = com.teamairhart.FitnessAIUITests;
				PRODUCT_NAME = "$(TARGET_NAME)";
				SWIFT_EMIT_LOC_STRINGS = NO;
				SWIFT_VERSION = 5.0;
				TARGETED_DEVICE_FAMILY = "1,2";
				TEST_TARGET_NAME = FitnessAI;
			};
			name = Release;
		};
/* End XCBuildConfiguration section */

/* Begin XCConfigurationList section */
		B00068FE2DD828BD006DA0EE /* Build configuration list for PBXProject "FitnessAI" */ = {
			isa = XCConfigurationList;
			buildConfigurations = (
				B00069222DD828BE006DA0EE /* Debug */,
				B00069232DD828BE006DA0EE /* Release */,
			);
			defaultConfigurationIsVisible = 0;
			defaultConfigurationName = Release;
		};
		B00069242DD828BE006DA0EE /* Build configuration list for PBXNativeTarget "FitnessAI" */ = {
			isa = XCConfigurationList;
			buildConfigurations = (
				B00069252DD828BE006DA0EE /* Debug */,
				B00069262DD828BE006DA0EE /* Release */,
			);
			defaultConfigurationIsVisible = 0;
			defaultConfigurationName = Release;
		};
		B00069272DD828BE006DA0EE /* Build configuration list for PBXNativeTarget "FitnessAITests" */ = {
			isa = XCConfigurationList;
			buildConfigurations = (
				B00069282DD828BE006DA0EE /* Debug */,
				B00069292DD828BE006DA0EE /* Release */,
			);
			defaultConfigurationIsVisible = 0;
			defaultConfigurationName = Release;
		};
		B000692A2DD828BE006DA0EE /* Build configuration list for PBXNativeTarget "FitnessAIUITests" */ = {
			isa = XCConfigurationList;
			buildConfigurations = (
				B000692B2DD828BE006DA0EE /* Debug */,
				B000692C2DD828BE006DA0EE /* Release */,
			);
			defaultConfigurationIsVisible = 0;
			defaultConfigurationName = Release;
		};
/* End XCConfigurationList section */
	};
	rootObject = B00068FB2DD828BD006DA0EE /* Project object */;
}
